
Microsoft Visual Studio Solution File, Format Version 12.00
# Visual Studio Version 17
VisualStudioVersion = 17.9.34728.123
MinimumVisualStudioVersion = 10.0.40219.1
Project("{FAE04EC0-301F-11D3-BF4B-00C04F79EFBC}") = "RecursiveFuncSample", "RecursiveFuncSample\RecursiveFuncSample.csproj", "{3739873D-40CA-4B98-BD0C-37A12D3FA047}"
EndProject
Global
	GlobalSection(SolutionConfigurationPlatforms) = preSolution
		Debug|Any CPU = Debug|Any CPU
		Release|Any CPU = Release|Any CPU
	EndGlobalSection
	GlobalSection(ProjectConfigurationPlatforms) = postSolution
		{3739873D-40CA-4B98-BD0C-37A12D3FA047}.Debug|Any CPU.ActiveCfg = Debug|Any CPU
		{3739873D-40CA-4B98-BD0C-37A12D3FA047}.Debug|Any CPU.Build.0 = Debug|Any CPU
		{3739873D-40CA-4B98-BD0C-37A12D3FA047}.Release|Any CPU.ActiveCfg = Release|Any CPU
		{3739873D-40CA-4B98-BD0C-37A12D3FA047}.Release|Any CPU.Build.0 = Release|Any CPU
	EndGlobalSection
	GlobalSection(SolutionProperties) = preSolution
		HideSolutionNode = FALSE
	EndGlobalSection
	GlobalSection(ExtensibilityGlobals) = postSolution
		SolutionGuid = {204082D8-FFD4-4F0C-89AF-0A8B39DA2C36}
	EndGlobalSection
EndGlobal
