
Microsoft Visual Studio Solution File, Format Version 12.00
# Visual Studio Version 17
VisualStudioVersion = 17.1.32210.238
MinimumVisualStudioVersion = 10.0.40219.1
Project("{FAE04EC0-301F-11D3-BF4B-00C04F79EFBC}") = "WinFormsApp1", "WinFormsApp1\WinFormsApp1.csproj", "{5AB985AC-EDBD-4CCD-B382-3CED7B1C7B94}"
EndProject
Global
	GlobalSection(SolutionConfigurationPlatforms) = preSolution
		Debug|Any CPU = Debug|Any CPU
		Release|Any CPU = Release|Any CPU
	EndGlobalSection
	GlobalSection(ProjectConfigurationPlatforms) = postSolution
		{5AB985AC-EDBD-4CCD-B382-3CED7B1C7B94}.Debug|Any CPU.ActiveCfg = Debug|Any CPU
		{5AB985AC-EDBD-4CCD-B382-3CED7B1C7B94}.Debug|Any CPU.Build.0 = Debug|Any CPU
		{5AB985AC-EDBD-4CCD-B382-3CED7B1C7B94}.Release|Any CPU.ActiveCfg = Release|Any CPU
		{5AB985AC-EDBD-4CCD-B382-3CED7B1C7B94}.Release|Any CPU.Build.0 = Release|Any CPU
	EndGlobalSection
	GlobalSection(SolutionProperties) = preSolution
		HideSolutionNode = FALSE
	EndGlobalSection
	GlobalSection(ExtensibilityGlobals) = postSolution
		SolutionGuid = {178177A9-5725-480B-8DCB-ADABB0A4BAC5}
	EndGlobalSection
EndGlobal
